
Microsoft Visual Studio Solution File, Format Version 12.00
# Visual Studio Version 17
VisualStudioVersion = 17.10.35004.147
MinimumVisualStudioVersion = 10.0.40219.1
Project("{9A19103F-16F7-4668-BE54-9A1E7A4F7556}") = "SLN_COM_EC_JOMA_APPLICACION", "SLN_COM_EC_JOMA_APPLICACION\SLN_COM_EC_JOMA_APPLICACION.csproj", "{2E1B5178-CE98-4D13-989D-71171F8408AC}"
EndProject
Project("{2150E333-8FDC-42A3-9474-1A3956D46DE8}") = "2. APLICACION", "2. APLICACION", "{CA558EF4-C2F2-47A1-B73B-ED7E48F4DBEB}"
EndProject
Project("{2150E333-8FDC-42A3-9474-1A3956D46DE8}") = "3. DOMINIO", "3. DOMINIO", "{AD346E24-A983-4B4F-8146-11958332BE82}"
EndProject
Project("{2150E333-8FDC-42A3-9474-1A3956D46DE8}") = "5. CROSS CUTTING", "5. CROSS CUTTING", "{B33910B6-0BAF-4E39-A47D-DD8414FB1F34}"
EndProject
Project("{2150E333-8FDC-42A3-9474-1A3956D46DE8}") = "4. QUERY", "4. QUERY", "{9E09D656-E31F-40B4-8E08-06EB9CDA0E93}"
EndProject
Project("{2150E333-8FDC-42A3-9474-1A3956D46DE8}") = "1.1. WEB", "1.1. WEB", "{85175169-B0D6-42E8-B88F-EBAFA6714391}"
EndProject
Project("{2150E333-8FDC-42A3-9474-1A3956D46DE8}") = "1.2. APIS", "1.2. APIS", "{72300720-295F-42B6-9A67-03DB6E0171FF}"
EndProject
Project("{2150E333-8FDC-42A3-9474-1A3956D46DE8}") = "1. PRESENTACION", "1. PRESENTACION", "{7EE95519-F02E-49CD-86C7-E31D73CB2153}"
EndProject
Project("{FAE04EC0-301F-11D3-BF4B-00C04F79EFBC}") = "COM.EC.JOMA.EMP.CROSSCUTTING", "COM.EC.JOMA.EMP.CROSSCUTTING\COM.EC.JOMA.EMP.CROSSCUTTING.csproj", "{95D8D439-9450-4D45-826F-0DE46AFE3D47}"
EndProject
Project("{FAE04EC0-301F-11D3-BF4B-00C04F79EFBC}") = "COM.EC.JOMA.EMP.CROSSCUTTING.SERVICE", "COM.EC.JOMA.EMP.CROSSCUTTING.SERVICE\COM.EC.JOMA.EMP.CROSSCUTTING.SERVICE.csproj", "{1AFAC1AC-CA85-41FA-A290-33D77057B962}"
EndProject
Project("{FAE04EC0-301F-11D3-BF4B-00C04F79EFBC}") = "COM.EC.JOMA.EMP.DOMAIN", "COM.EC.JOMA.EMP.DOMAIN\COM.EC.JOMA.EMP.DOMAIN.csproj", "{BBC12C31-E200-4E17-9D87-5077B0038DBB}"
EndProject
Project("{FAE04EC0-301F-11D3-BF4B-00C04F79EFBC}") = "COM.EC.JOMA.EMP.APLICACION.SERVICE", "COM.EC.JOMA.EMP.APLICACION.SERVICE\COM.EC.JOMA.EMP.APLICACION.SERVICE.csproj", "{C643AFBF-EB30-441B-9CFB-CEDC2BD38787}"
EndProject
Project("{FAE04EC0-301F-11D3-BF4B-00C04F79EFBC}") = "COM.EC.JOMA.EMP.QUERY.SERVICE", "COM.EC.JOMA.EMP.QUERY.SERVICE\COM.EC.JOMA.EMP.QUERY.SERVICE.csproj", "{5E0CB0BF-0126-4694-8B31-ABDB158CF04E}"
EndProject
Project("{FAE04EC0-301F-11D3-BF4B-00C04F79EFBC}") = "COM.EC.JOMA.EMP.QUERY", "COM.EC.JOMA.EMP.QUERY\COM.EC.JOMA.EMP.QUERY.csproj", "{58052751-E9C8-427C-B544-CBA2FE8AFA03}"
EndProject
Project("{FAE04EC0-301F-11D3-BF4B-00C04F79EFBC}") = "COM.EC.JOMA.EMP.APLICACION", "COM.EC.JOMA.EMP.APLICACION\COM.EC.JOMA.EMP.APLICACION.csproj", "{BFD361BD-7907-4C47-BA61-9F67275042CE}"
EndProject
Global
	GlobalSection(SolutionConfigurationPlatforms) = preSolution
		Debug|Any CPU = Debug|Any CPU
		Release|Any CPU = Release|Any CPU
	EndGlobalSection
	GlobalSection(ProjectConfigurationPlatforms) = postSolution
		{2E1B5178-CE98-4D13-989D-71171F8408AC}.Debug|Any CPU.ActiveCfg = Debug|Any CPU
		{2E1B5178-CE98-4D13-989D-71171F8408AC}.Debug|Any CPU.Build.0 = Debug|Any CPU
		{2E1B5178-CE98-4D13-989D-71171F8408AC}.Release|Any CPU.ActiveCfg = Release|Any CPU
		{2E1B5178-CE98-4D13-989D-71171F8408AC}.Release|Any CPU.Build.0 = Release|Any CPU
		{95D8D439-9450-4D45-826F-0DE46AFE3D47}.Debug|Any CPU.ActiveCfg = Debug|Any CPU
		{95D8D439-9450-4D45-826F-0DE46AFE3D47}.Debug|Any CPU.Build.0 = Debug|Any CPU
		{95D8D439-9450-4D45-826F-0DE46AFE3D47}.Release|Any CPU.ActiveCfg = Release|Any CPU
		{95D8D439-9450-4D45-826F-0DE46AFE3D47}.Release|Any CPU.Build.0 = Release|Any CPU
		{1AFAC1AC-CA85-41FA-A290-33D77057B962}.Debug|Any CPU.ActiveCfg = Debug|Any CPU
		{1AFAC1AC-CA85-41FA-A290-33D77057B962}.Debug|Any CPU.Build.0 = Debug|Any CPU
		{1AFAC1AC-CA85-41FA-A290-33D77057B962}.Release|Any CPU.ActiveCfg = Release|Any CPU
		{1AFAC1AC-CA85-41FA-A290-33D77057B962}.Release|Any CPU.Build.0 = Release|Any CPU
		{BBC12C31-E200-4E17-9D87-5077B0038DBB}.Debug|Any CPU.ActiveCfg = Debug|Any CPU
		{BBC12C31-E200-4E17-9D87-5077B0038DBB}.Debug|Any CPU.Build.0 = Debug|Any CPU
		{BBC12C31-E200-4E17-9D87-5077B0038DBB}.Release|Any CPU.ActiveCfg = Release|Any CPU
		{BBC12C31-E200-4E17-9D87-5077B0038DBB}.Release|Any CPU.Build.0 = Release|Any CPU
		{C643AFBF-EB30-441B-9CFB-CEDC2BD38787}.Debug|Any CPU.ActiveCfg = Debug|Any CPU
		{C643AFBF-EB30-441B-9CFB-CEDC2BD38787}.Debug|Any CPU.Build.0 = Debug|Any CPU
		{C643AFBF-EB30-441B-9CFB-CEDC2BD38787}.Release|Any CPU.ActiveCfg = Release|Any CPU
		{C643AFBF-EB30-441B-9CFB-CEDC2BD38787}.Release|Any CPU.Build.0 = Release|Any CPU
		{5E0CB0BF-0126-4694-8B31-ABDB158CF04E}.Debug|Any CPU.ActiveCfg = Debug|Any CPU
		{5E0CB0BF-0126-4694-8B31-ABDB158CF04E}.Debug|Any CPU.Build.0 = Debug|Any CPU
		{5E0CB0BF-0126-4694-8B31-ABDB158CF04E}.Release|Any CPU.ActiveCfg = Release|Any CPU
		{5E0CB0BF-0126-4694-8B31-ABDB158CF04E}.Release|Any CPU.Build.0 = Release|Any CPU
		{58052751-E9C8-427C-B544-CBA2FE8AFA03}.Debug|Any CPU.ActiveCfg = Debug|Any CPU
		{58052751-E9C8-427C-B544-CBA2FE8AFA03}.Debug|Any CPU.Build.0 = Debug|Any CPU
		{58052751-E9C8-427C-B544-CBA2FE8AFA03}.Release|Any CPU.ActiveCfg = Release|Any CPU
		{58052751-E9C8-427C-B544-CBA2FE8AFA03}.Release|Any CPU.Build.0 = Release|Any CPU
		{BFD361BD-7907-4C47-BA61-9F67275042CE}.Debug|Any CPU.ActiveCfg = Debug|Any CPU
		{BFD361BD-7907-4C47-BA61-9F67275042CE}.Debug|Any CPU.Build.0 = Debug|Any CPU
		{BFD361BD-7907-4C47-BA61-9F67275042CE}.Release|Any CPU.ActiveCfg = Release|Any CPU
		{BFD361BD-7907-4C47-BA61-9F67275042CE}.Release|Any CPU.Build.0 = Release|Any CPU
	EndGlobalSection
	GlobalSection(SolutionProperties) = preSolution
		HideSolutionNode = FALSE
	EndGlobalSection
	GlobalSection(NestedProjects) = preSolution
		{2E1B5178-CE98-4D13-989D-71171F8408AC} = {85175169-B0D6-42E8-B88F-EBAFA6714391}
		{85175169-B0D6-42E8-B88F-EBAFA6714391} = {7EE95519-F02E-49CD-86C7-E31D73CB2153}
		{72300720-295F-42B6-9A67-03DB6E0171FF} = {7EE95519-F02E-49CD-86C7-E31D73CB2153}
		{95D8D439-9450-4D45-826F-0DE46AFE3D47} = {B33910B6-0BAF-4E39-A47D-DD8414FB1F34}
		{1AFAC1AC-CA85-41FA-A290-33D77057B962} = {B33910B6-0BAF-4E39-A47D-DD8414FB1F34}
		{BBC12C31-E200-4E17-9D87-5077B0038DBB} = {AD346E24-A983-4B4F-8146-11958332BE82}
		{C643AFBF-EB30-441B-9CFB-CEDC2BD38787} = {CA558EF4-C2F2-47A1-B73B-ED7E48F4DBEB}
		{5E0CB0BF-0126-4694-8B31-ABDB158CF04E} = {9E09D656-E31F-40B4-8E08-06EB9CDA0E93}
		{58052751-E9C8-427C-B544-CBA2FE8AFA03} = {9E09D656-E31F-40B4-8E08-06EB9CDA0E93}
		{BFD361BD-7907-4C47-BA61-9F67275042CE} = {CA558EF4-C2F2-47A1-B73B-ED7E48F4DBEB}
	EndGlobalSection
	GlobalSection(ExtensibilityGlobals) = postSolution
		SolutionGuid = {8A4CE159-029D-4D0A-8367-0DDFF496E6DE}
	EndGlobalSection
EndGlobal
